
Microsoft Visual Studio Solution File, Format Version 12.00
# Visual Studio Version 16
VisualStudioVersion = 16.0.31624.102
MinimumVisualStudioVersion = 10.0.40219.1
Project("{FAE04EC0-301F-11D3-BF4B-00C04F79EFBC}") = "LicensesManagement", "LicensesManagement\LicensesManagement.csproj", "{7DB960B7-E964-41C4-B327-66BB9FE8E994}"
EndProject
Global
	GlobalSection(SolutionConfigurationPlatforms) = preSolution
		Debug|Any CPU = Debug|Any CPU
		Release|Any CPU = Release|Any CPU
	EndGlobalSection
	GlobalSection(ProjectConfigurationPlatforms) = postSolution
		{7DB960B7-E964-41C4-B327-66BB9FE8E994}.Debug|Any CPU.ActiveCfg = Debug|Any CPU
		{7DB960B7-E964-41C4-B327-66BB9FE8E994}.Debug|Any CPU.Build.0 = Debug|Any CPU
		{7DB960B7-E964-41C4-B327-66BB9FE8E994}.Release|Any CPU.ActiveCfg = Release|Any CPU
		{7DB960B7-E964-41C4-B327-66BB9FE8E994}.Release|Any CPU.Build.0 = Release|Any CPU
	EndGlobalSection
	GlobalSection(SolutionProperties) = preSolution
		HideSolutionNode = FALSE
	EndGlobalSection
	GlobalSection(ExtensibilityGlobals) = postSolution
		SolutionGuid = {6DF037D5-79A4-4064-9484-282DDAD69C58}
	EndGlobalSection
EndGlobal
